// !$*UTF8*$!
{
	archiveVersion = 1;
	classes = {
	};
	objectVersion = 50;
	objects = {

/* Begin PBXBuildFile section */
		660021F120F05F280080C640 /* AppDelegate.swift in Sources */ = {isa = PBXBuildFile; fileRef = 660021F020F05F280080C640 /* AppDelegate.swift */; };
		660021F320F05F280080C640 /* ViewController.swift in Sources */ = {isa = PBXBuildFile; fileRef = 660021F220F05F280080C640 /* ViewController.swift */; };
		660021F620F05F280080C640 /* Main.storyboard in Resources */ = {isa = PBXBuildFile; fileRef = 660021F420F05F280080C640 /* Main.storyboard */; };
		660021F820F05F2C0080C640 /* Assets.xcassets in Resources */ = {isa = PBXBuildFile; fileRef = 660021F720F05F2C0080C640 /* Assets.xcassets */; };
		660021FB20F05F2C0080C640 /* LaunchScreen.storyboard in Resources */ = {isa = PBXBuildFile; fileRef = 660021F920F05F2C0080C640 /* LaunchScreen.storyboard */; };
		6600220620F05F2C0080C640 /* comicTestAppTests.swift in Sources */ = {isa = PBXBuildFile; fileRef = 6600220520F05F2C0080C640 /* comicTestAppTests.swift */; };
		6600221120F05F2C0080C640 /* comicTestAppUITests.swift in Sources */ = {isa = PBXBuildFile; fileRef = 6600221020F05F2C0080C640 /* comicTestAppUITests.swift */; };
/* End PBXBuildFile section */

/* Begin PBXContainerItemProxy section */
		6600220220F05F2C0080C640 /* PBXContainerItemProxy */ = {
			isa = PBXContainerItemProxy;
			containerPortal = 660021E520F05F280080C640 /* Project object */;
			proxyType = 1;
			remoteGlobalIDString = 660021EC20F05F280080C640;
			remoteInfo = comicTestApp;
		};
		6600220D20F05F2C0080C640 /* PBXContainerItemProxy */ = {
			isa = PBXContainerItemProxy;
			containerPortal = 660021E520F05F280080C640 /* Project object */;
			proxyType = 1;
			remoteGlobalIDString = 660021EC20F05F280080C640;
			remoteInfo = comicTestApp;
		};
/* End PBXContainerItemProxy section */

/* Begin PBXFileReference section */
		660021ED20F05F280080C640 /* comicTestApp.app */ = {isa = PBXFileReference; explicitFileType = wrapper.application; includeInIndex = 0; path = comicTestApp.app; sourceTree = BUILT_PRODUCTS_DIR; };
		660021F020F05F280080C640 /* AppDelegate.swift */ = {isa = PBXFileReference; lastKnownFileType = sourcecode.swift; path = AppDelegate.swift; sourceTree = "<group>"; };
		660021F220F05F280080C640 /* ViewController.swift */ = {isa = PBXFileReference; lastKnownFileType = sourcecode.swift; path = ViewController.swift; sourceTree = "<group>"; };
		660021F520F05F280080C640 /* Base */ = {isa = PBXFileReference; lastKnownFileType = file.storyboard; name = Base; path = Base.lproj/Main.storyboard; sourceTree = "<group>"; };
		660021F720F05F2C0080C640 /* Assets.xcassets */ = {isa = PBXFileReference; lastKnownFileType = folder.assetcatalog; path = Assets.xcassets; sourceTree = "<group>"; };
		660021FA20F05F2C0080C640 /* Base */ = {isa = PBXFileReference; lastKnownFileType = file.storyboard; name = Base; path = Base.lproj/LaunchScreen.storyboard; sourceTree = "<group>"; };
		660021FC20F05F2C0080C640 /* Info.plist */ = {isa = PBXFileReference; lastKnownFileType = text.plist.xml; path = Info.plist; sourceTree = "<group>"; };
		6600220120F05F2C0080C640 /* comicTestAppTests.xctest */ = {isa = PBXFileReference; explicitFileType = wrapper.cfbundle; includeInIndex = 0; path = comicTestAppTests.xctest; sourceTree = BUILT_PRODUCTS_DIR; };
		6600220520F05F2C0080C640 /* comicTestAppTests.swift */ = {isa = PBXFileReference; lastKnownFileType = sourcecode.swift; path = comicTestAppTests.swift; sourceTree = "<group>"; };
		6600220720F05F2C0080C640 /* Info.plist */ = {isa = PBXFileReference; lastKnownFileType = text.plist.xml; path = Info.plist; sourceTree = "<group>"; };
		6600220C20F05F2C0080C640 /* comicTestAppUITests.xctest */ = {isa = PBXFileReference; explicitFileType = wrapper.cfbundle; includeInIndex = 0; path = comicTestAppUITests.xctest; sourceTree = BUILT_PRODUCTS_DIR; };
		6600221020F05F2C0080C640 /* comicTestAppUITests.swift */ = {isa = PBXFileReference; lastKnownFileType = sourcecode.swift; path = comicTestAppUITests.swift; sourceTree = "<group>"; };
		6600221220F05F2C0080C640 /* Info.plist */ = {isa = PBXFileReference; lastKnownFileType = text.plist.xml; path = Info.plist; sourceTree = "<group>"; };
/* End PBXFileReference section */

/* Begin PBXFrameworksBuildPhase section */
		660021EA20F05F280080C640 /* Frameworks */ = {
			isa = PBXFrameworksBuildPhase;
			buildActionMask = 2147483647;
			files = (
			);
			runOnlyForDeploymentPostprocessing = 0;
		};
		660021FE20F05F2C0080C640 /* Frameworks */ = {
			isa = PBXFrameworksBuildPhase;
			buildActionMask = 2147483647;
			files = (
			);
			runOnlyForDeploymentPostprocessing = 0;
		};
		6600220920F05F2C0080C640 /* Frameworks */ = {
			isa = PBXFrameworksBuildPhase;
			buildActionMask = 2147483647;
			files = (
			);
			runOnlyForDeploymentPostprocessing = 0;
		};
/* End PBXFrameworksBuildPhase section */

/* Begin PBXGroup section */
		660021E420F05F280080C640 = {
			isa = PBXGroup;
			children = (
				660021EF20F05F280080C640 /* comicTestApp */,
				6600220420F05F2C0080C640 /* comicTestAppTests */,
				6600220F20F05F2C0080C640 /* comicTestAppUITests */,
				660021EE20F05F280080C640 /* Products */,
			);
			sourceTree = "<group>";
		};
		660021EE20F05F280080C640 /* Products */ = {
			isa = PBXGroup;
			children = (
				660021ED20F05F280080C640 /* comicTestApp.app */,
				6600220120F05F2C0080C640 /* comicTestAppTests.xctest */,
				6600220C20F05F2C0080C640 /* comicTestAppUITests.xctest */,
			);
			name = Products;
			sourceTree = "<group>";
		};
		660021EF20F05F280080C640 /* comicTestApp */ = {
			isa = PBXGroup;
			children = (
				660021F020F05F280080C640 /* AppDelegate.swift */,
				660021F220F05F280080C640 /* ViewController.swift */,
				660021F420F05F280080C640 /* Main.storyboard */,
				660021F720F05F2C0080C640 /* Assets.xcassets */,
				660021F920F05F2C0080C640 /* LaunchScreen.storyboard */,
				660021FC20F05F2C0080C640 /* Info.plist */,
			);
			path = comicTestApp;
			sourceTree = "<group>";
		};
		6600220420F05F2C0080C640 /* comicTestAppTests */ = {
			isa = PBXGroup;
			children = (
				6600220520F05F2C0080C640 /* comicTestAppTests.swift */,
				6600220720F05F2C0080C640 /* Info.plist */,
			);
			path = comicTestAppTests;
			sourceTree = "<group>";
		};
		6600220F20F05F2C0080C640 /* comicTestAppUITests */ = {
			isa = PBXGroup;
			children = (
				6600221020F05F2C0080C640 /* comicTestAppUITests.swift */,
				6600221220F05F2C0080C640 /* Info.plist */,
			);
			path = comicTestAppUITests;
			sourceTree = "<group>";
		};
/* End PBXGroup section */

/* Begin PBXNativeTarget section */
		660021EC20F05F280080C640 /* comicTestApp */ = {
			isa = PBXNativeTarget;
			buildConfigurationList = 6600221520F05F2D0080C640 /* Build configuration list for PBXNativeTarget "comicTestApp" */;
			buildPhases = (
				660021E920F05F280080C640 /* Sources */,
				660021EA20F05F280080C640 /* Frameworks */,
				660021EB20F05F280080C640 /* Resources */,
			);
			buildRules = (
			);
			dependencies = (
			);
			name = comicTestApp;
			productName = comicTestApp;
			productReference = 660021ED20F05F280080C640 /* comicTestApp.app */;
			productType = "com.apple.product-type.application";
		};
		6600220020F05F2C0080C640 /* comicTestAppTests */ = {
			isa = PBXNativeTarget;
			buildConfigurationList = 6600221820F05F2D0080C640 /* Build configuration list for PBXNativeTarget "comicTestAppTests" */;
			buildPhases = (
				660021FD20F05F2C0080C640 /* Sources */,
				660021FE20F05F2C0080C640 /* Frameworks */,
				660021FF20F05F2C0080C640 /* Resources */,
			);
			buildRules = (
			);
			dependencies = (
				6600220320F05F2C0080C640 /* PBXTargetDependency */,
			);
			name = comicTestAppTests;
			productName = comicTestAppTests;
			productReference = 6600220120F05F2C0080C640 /* comicTestAppTests.xctest */;
			productType = "com.apple.product-type.bundle.unit-test";
		};
		6600220B20F05F2C0080C640 /* comicTestAppUITests */ = {
			isa = PBXNativeTarget;
			buildConfigurationList = 6600221B20F05F2D0080C640 /* Build configuration list for PBXNativeTarget "comicTestAppUITests" */;
			buildPhases = (
				6600220820F05F2C0080C640 /* Sources */,
				6600220920F05F2C0080C640 /* Frameworks */,
				6600220A20F05F2C0080C640 /* Resources */,
			);
			buildRules = (
			);
			dependencies = (
				6600220E20F05F2C0080C640 /* PBXTargetDependency */,
			);
			name = comicTestAppUITests;
			productName = comicTestAppUITests;
			productReference = 6600220C20F05F2C0080C640 /* comicTestAppUITests.xctest */;
			productType = "com.apple.product-type.bundle.ui-testing";
		};
/* End PBXNativeTarget section */

/* Begin PBXProject section */
		660021E520F05F280080C640 /* Project object */ = {
			isa = PBXProject;
			attributes = {
				LastSwiftUpdateCheck = 0940;
				LastUpgradeCheck = 0940;
				ORGANIZATIONNAME = "Justin Stanger";
				TargetAttributes = {
					660021EC20F05F280080C640 = {
						CreatedOnToolsVersion = 9.4.1;
					};
					6600220020F05F2C0080C640 = {
						CreatedOnToolsVersion = 9.4.1;
						TestTargetID = 660021EC20F05F280080C640;
					};
					6600220B20F05F2C0080C640 = {
						CreatedOnToolsVersion = 9.4.1;
						TestTargetID = 660021EC20F05F280080C640;
					};
				};
			};
			buildConfigurationList = 660021E820F05F280080C640 /* Build configuration list for PBXProject "comicTestApp" */;
			compatibilityVersion = "Xcode 9.3";
			developmentRegion = en;
			hasScannedForEncodings = 0;
			knownRegions = (
				en,
				Base,
			);
			mainGroup = 660021E420F05F280080C640;
			productRefGroup = 660021EE20F05F280080C640 /* Products */;
			projectDirPath = "";
			projectRoot = "";
			targets = (
				660021EC20F05F280080C640 /* comicTestApp */,
				6600220020F05F2C0080C640 /* comicTestAppTests */,
				6600220B20F05F2C0080C640 /* comicTestAppUITests */,
			);
		};
/* End PBXProject section */

/* Begin PBXResourcesBuildPhase section */
		660021EB20F05F280080C640 /* Resources */ = {
			isa = PBXResourcesBuildPhase;
			buildActionMask = 2147483647;
			files = (
				660021FB20F05F2C0080C640 /* LaunchScreen.storyboard in Resources */,
				660021F820F05F2C0080C640 /* Assets.xcassets in Resources */,
				660021F620F05F280080C640 /* Main.storyboard in Resources */,
			);
			runOnlyForDeploymentPostprocessing = 0;
		};
		660021FF20F05F2C0080C640 /* Resources */ = {
			isa = PBXResourcesBuildPhase;
			buildActionMask = 2147483647;
			files = (
			);
			runOnlyForDeploymentPostprocessing = 0;
		};
		6600220A20F05F2C0080C640 /* Resources */ = {
			isa = PBXResourcesBuildPhase;
			buildActionMask = 2147483647;
			files = (
			);
			runOnlyForDeploymentPostprocessing = 0;
		};
/* End PBXResourcesBuildPhase section */

/* Begin PBXSourcesBuildPhase section */
		660021E920F05F280080C640 /* Sources */ = {
			isa = PBXSourcesBuildPhase;
			buildActionMask = 2147483647;
			files = (
				660021F320F05F280080C640 /* ViewController.swift in Sources */,
				660021F120F05F280080C640 /* AppDelegate.swift in Sources */,
			);
			runOnlyForDeploymentPostprocessing = 0;
		};
		660021FD20F05F2C0080C640 /* Sources */ = {
			isa = PBXSourcesBuildPhase;
			buildActionMask = 2147483647;
			files = (
				6600220620F05F2C0080C640 /* comicTestAppTests.swift in Sources */,
			);
			runOnlyForDeploymentPostprocessing = 0;
		};
		6600220820F05F2C0080C640 /* Sources */ = {
			isa = PBXSourcesBuildPhase;
			buildActionMask = 2147483647;
			files = (
				6600221120F05F2C0080C640 /* comicTestAppUITests.swift in Sources */,
			);
			runOnlyForDeploymentPostprocessing = 0;
		};
/* End PBXSourcesBuildPhase section */

/* Begin PBXTargetDependency section */
		6600220320F05F2C0080C640 /* PBXTargetDependency */ = {
			isa = PBXTargetDependency;
			target = 660021EC20F05F280080C640 /* comicTestApp */;
			targetProxy = 6600220220F05F2C0080C640 /* PBXContainerItemProxy */;
		};
		6600220E20F05F2C0080C640 /* PBXTargetDependency */ = {
			isa = PBXTargetDependency;
			target = 660021EC20F05F280080C640 /* comicTestApp */;
			targetProxy = 6600220D20F05F2C0080C640 /* PBXContainerItemProxy */;
		};
/* End PBXTargetDependency section */

/* Begin PBXVariantGroup section */
		660021F420F05F280080C640 /* Main.storyboard */ = {
			isa = PBXVariantGroup;
			children = (
				660021F520F05F280080C640 /* Base */,
			);
			name = Main.storyboard;
			sourceTree = "<group>";
		};
		660021F920F05F2C0080C640 /* LaunchScreen.storyboard */ = {
			isa = PBXVariantGroup;
			children = (
				660021FA20F05F2C0080C640 /* Base */,
			);
			name = LaunchScreen.storyboard;
			sourceTree = "<group>";
		};
/* End PBXVariantGroup section */

/* Begin XCBuildConfiguration section */
		6600221320F05F2C0080C640 /* Debug */ = {
			isa = XCBuildConfiguration;
			buildSettings = {
				ALWAYS_SEARCH_USER_PATHS = NO;
				CLANG_ANALYZER_NONNULL = YES;
				CLANG_ANALYZER_NUMBER_OBJECT_CONVERSION = YES_AGGRESSIVE;
				CLANG_CXX_LANGUAGE_STANDARD = "gnu++14";
				CLANG_CXX_LIBRARY = "libc++";
				CLANG_ENABLE_MODULES = YES;
				CLANG_ENABLE_OBJC_ARC = YES;
				CLANG_ENABLE_OBJC_WEAK = YES;
				CLANG_WARN_BLOCK_CAPTURE_AUTORELEASING = YES;
				CLANG_WARN_BOOL_CONVERSION = YES;
				CLANG_WARN_COMMA = YES;
				CLANG_WARN_CONSTANT_CONVERSION = YES;
				CLANG_WARN_DEPRECATED_OBJC_IMPLEMENTATIONS = YES;
				CLANG_WARN_DIRECT_OBJC_ISA_USAGE = YES_ERROR;
				CLANG_WARN_DOCUMENTATION_COMMENTS = YES;
				CLANG_WARN_EMPTY_BODY = YES;
				CLANG_WARN_ENUM_CONVERSION = YES;
				CLANG_WARN_INFINITE_RECURSION = YES;
				CLANG_WARN_INT_CONVERSION = YES;
				CLANG_WARN_NON_LITERAL_NULL_CONVERSION = YES;
				CLANG_WARN_OBJC_IMPLICIT_RETAIN_SELF = YES;
				CLANG_WARN_OBJC_LITERAL_CONVERSION = YES;
				CLANG_WARN_OBJC_ROOT_CLASS = YES_ERROR;
				CLANG_WARN_RANGE_LOOP_ANALYSIS = YES;
				CLANG_WARN_STRICT_PROTOTYPES = YES;
				CLANG_WARN_SUSPICIOUS_MOVE = YES;
				CLANG_WARN_UNGUARDED_AVAILABILITY = YES_AGGRESSIVE;
				CLANG_WARN_UNREACHABLE_CODE = YES;
				CLANG_WARN__DUPLICATE_METHOD_MATCH = YES;
				CODE_SIGN_IDENTITY = "iPhone Developer";
				COPY_PHASE_STRIP = NO;
				DEBUG_INFORMATION_FORMAT = dwarf;
				ENABLE_STRICT_OBJC_MSGSEND = YES;
				ENABLE_TESTABILITY = YES;
				GCC_C_LANGUAGE_STANDARD = gnu11;
				GCC_DYNAMIC_NO_PIC = NO;
				GCC_NO_COMMON_BLOCKS = YES;
				GCC_OPTIMIZATION_LEVEL = 0;
				GCC_PREPROCESSOR_DEFINITIONS = (
					"DEBUG=1",
					"$(inherited)",
				);
				GCC_WARN_64_TO_32_BIT_CONVERSION = YES;
				GCC_WARN_ABOUT_RETURN_TYPE = YES_ERROR;
				GCC_WARN_UNDECLARED_SELECTOR = YES;
				GCC_WARN_UNINITIALIZED_AUTOS = YES_AGGRESSIVE;
				GCC_WARN_UNUSED_FUNCTION = YES;
				GCC_WARN_UNUSED_VARIABLE = YES;
				IPHONEOS_DEPLOYMENT_TARGET = 11.4;
				MTL_ENABLE_DEBUG_INFO = YES;
				ONLY_ACTIVE_ARCH = YES;
				SDKROOT = iphoneos;
				SWIFT_ACTIVE_COMPILATION_CONDITIONS = DEBUG;
				SWIFT_OPTIMIZATION_LEVEL = "-Onone";
			};
			name = Debug;
		};
		6600221420F05F2C0080C640 /* Release */ = {
			isa = XCBuildConfiguration;
			buildSettings = {
				ALWAYS_SEARCH_USER_PATHS = NO;
				CLANG_ANALYZER_NONNULL = YES;
				CLANG_ANALYZER_NUMBER_OBJECT_CONVERSION = YES_AGGRESSIVE;
				CLANG_CXX_LANGUAGE_STANDARD = "gnu++14";
				CLANG_CXX_LIBRARY = "libc++";
				CLANG_ENABLE_MODULES = YES;
				CLANG_ENABLE_OBJC_ARC = YES;
				CLANG_ENABLE_OBJC_WEAK = YES;
				CLANG_WARN_BLOCK_CAPTURE_AUTORELEASING = YES;
				CLANG_WARN_BOOL_CONVERSION = YES;
				CLANG_WARN_COMMA = YES;
				CLANG_WARN_CONSTANT_CONVERSION = YES;
				CLANG_WARN_DEPRECATED_OBJC_IMPLEMENTATIONS = YES;
				CLANG_WARN_DIRECT_OBJC_ISA_USAGE = YES_ERROR;
				CLANG_WARN_DOCUMENTATION_COMMENTS = YES;
				CLANG_WARN_EMPTY_BODY = YES;
				CLANG_WARN_ENUM_CONVERSION = YES;
				CLANG_WARN_INFINITE_RECURSION = YES;
				CLANG_WARN_INT_CONVERSION = YES;
				CLANG_WARN_NON_LITERAL_NULL_CONVERSION = YES;
				CLANG_WARN_OBJC_IMPLICIT_RETAIN_SELF = YES;
				CLANG_WARN_OBJC_LITERAL_CONVERSION = YES;
				CLANG_WARN_OBJC_ROOT_CLASS = YES_ERROR;
				CLANG_WARN_RANGE_LOOP_ANALYSIS = YES;
				CLANG_WARN_STRICT_PROTOTYPES = YES;
				CLANG_WARN_SUSPICIOUS_MOVE = YES;
				CLANG_WARN_UNGUARDED_AVAILABILITY = YES_AGGRESSIVE;
				CLANG_WARN_UNREACHABLE_CODE = YES;
				CLANG_WARN__DUPLICATE_METHOD_MATCH = YES;
				CODE_SIGN_IDENTITY = "iPhone Developer";
				COPY_PHASE_STRIP = NO;
				DEBUG_INFORMATION_FORMAT = "dwarf-with-dsym";
				ENABLE_NS_ASSERTIONS = NO;
				ENABLE_STRICT_OBJC_MSGSEND = YES;
				GCC_C_LANGUAGE_STANDARD = gnu11;
				GCC_NO_COMMON_BLOCKS = YES;
				GCC_WARN_64_TO_32_BIT_CONVERSION = YES;
				GCC_WARN_ABOUT_RETURN_TYPE = YES_ERROR;
				GCC_WARN_UNDECLARED_SELECTOR = YES;
				GCC_WARN_UNINITIALIZED_AUTOS = YES_AGGRESSIVE;
				GCC_WARN_UNUSED_FUNCTION = YES;
				GCC_WARN_UNUSED_VARIABLE = YES;
				IPHONEOS_DEPLOYMENT_TARGET = 11.4;
				MTL_ENABLE_DEBUG_INFO = NO;
				SDKROOT = iphoneos;
				SWIFT_COMPILATION_MODE = wholemodule;
				SWIFT_OPTIMIZATION_LEVEL = "-O";
				VALIDATE_PRODUCT = YES;
			};
			name = Release;
		};
		6600221620F05F2D0080C640 /* Debug */ = {
			isa = XCBuildConfiguration;
			buildSettings = {
				ASSETCATALOG_COMPILER_APPICON_NAME = AppIcon;
				CODE_SIGN_STYLE = Automatic;
				DEVELOPMENT_TEAM = SVHZ5AR89V;
				INFOPLIST_FILE = comicTestApp/Info.plist;
				LD_RUNPATH_SEARCH_PATHS = (
					"$(inherited)",
					"@executable_path/Frameworks",
				);
				PRODUCT_BUNDLE_IDENTIFIER = com.JustinStanger.comicTestApp;
				PRODUCT_NAME = "$(TARGET_NAME)";
				SWIFT_VERSION = 4.0;
				TARGETED_DEVICE_FAMILY = "1,2";
			};
			name = Debug;
		};
		6600221720F05F2D0080C640 /* Release */ = {
			isa = XCBuildConfiguration;
			buildSettings = {
				ASSETCATALOG_COMPILER_APPICON_NAME = AppIcon;
				CODE_SIGN_STYLE = Automatic;
				DEVELOPMENT_TEAM = SVHZ5AR89V;
				INFOPLIST_FILE = comicTestApp/Info.plist;
				LD_RUNPATH_SEARCH_PATHS = (
					"$(inherited)",
					"@executable_path/Frameworks",
				);
				PRODUCT_BUNDLE_IDENTIFIER = com.JustinStanger.comicTestApp;
				PRODUCT_NAME = "$(TARGET_NAME)";
				SWIFT_VERSION = 4.0;
				TARGETED_DEVICE_FAMILY = "1,2";
			};
			name = Release;
		};
		6600221920F05F2D0080C640 /* Debug */ = {
			isa = XCBuildConfiguration;
			buildSettings = {
				ALWAYS_EMBED_SWIFT_STANDARD_LIBRARIES = YES;
				BUNDLE_LOADER = "$(TEST_HOST)";
				CODE_SIGN_STYLE = Automatic;
				DEVELOPMENT_TEAM = SVHZ5AR89V;
				INFOPLIST_FILE = comicTestAppTests/Info.plist;
				LD_RUNPATH_SEARCH_PATHS = (
					"$(inherited)",
					"@executable_path/Frameworks",
					"@loader_path/Frameworks",
				);
				PRODUCT_BUNDLE_IDENTIFIER = com.JustinStanger.comicTestAppTests;
				PRODUCT_NAME = "$(TARGET_NAME)";
				SWIFT_VERSION = 4.0;
				TARGETED_DEVICE_FAMILY = "1,2";
				TEST_HOST = "$(BUILT_PRODUCTS_DIR)/comicTestApp.app/comicTestApp";
			};
			name = Debug;
		};
		6600221A20F05F2D0080C640 /* Release */ = {
			isa = XCBuildConfiguration;
			buildSettings = {
				ALWAYS_EMBED_SWIFT_STANDARD_LIBRARIES = YES;
				BUNDLE_LOADER = "$(TEST_HOST)";
				CODE_SIGN_STYLE = Automatic;
				DEVELOPMENT_TEAM = SVHZ5AR89V;
				INFOPLIST_FILE = comicTestAppTests/Info.plist;
				LD_RUNPATH_SEARCH_PATHS = (
					"$(inherited)",
					"@executable_path/Frameworks",
					"@loader_path/Frameworks",
				);
				PRODUCT_BUNDLE_IDENTIFIER = com.JustinStanger.comicTestAppTests;
				PRODUCT_NAME = "$(TARGET_NAME)";
				SWIFT_VERSION = 4.0;
				TARGETED_DEVICE_FAMILY = "1,2";
				TEST_HOST = "$(BUILT_PRODUCTS_DIR)/comicTestApp.app/comicTestApp";
			};
			name = Release;
		};
		6600221C20F05F2D0080C640 /* Debug */ = {
			isa = XCBuildConfiguration;
			buildSettings = {
				ALWAYS_EMBED_SWIFT_STANDARD_LIBRARIES = YES;
				CODE_SIGN_STYLE = Automatic;
				DEVELOPMENT_TEAM = SVHZ5AR89V;
				INFOPLIST_FILE = comicTestAppUITests/Info.plist;
				LD_RUNPATH_SEARCH_PATHS = (
					"$(inherited)",
					"@executable_path/Frameworks",
					"@loader_path/Frameworks",
				);
				PRODUCT_BUNDLE_IDENTIFIER = com.JustinStanger.comicTestAppUITests;
				PRODUCT_NAME = "$(TARGET_NAME)";
				SWIFT_VERSION = 4.0;
				TARGETED_DEVICE_FAMILY = "1,2";
				TEST_TARGET_NAME = comicTestApp;
			};
			name = Debug;
		};
		6600221D20F05F2D0080C640 /* Release */ = {
			isa = XCBuildConfiguration;
			buildSettings = {
				ALWAYS_EMBED_SWIFT_STANDARD_LIBRARIES = YES;
				CODE_SIGN_STYLE = Automatic;
				DEVELOPMENT_TEAM = SVHZ5AR89V;
				INFOPLIST_FILE = comicTestAppUITests/Info.plist;
				LD_RUNPATH_SEARCH_PATHS = (
					"$(inherited)",
					"@executable_path/Frameworks",
					"@loader_path/Frameworks",
				);
				PRODUCT_BUNDLE_IDENTIFIER = com.JustinStanger.comicTestAppUITests;
				PRODUCT_NAME = "$(TARGET_NAME)";
				SWIFT_VERSION = 4.0;
				TARGETED_DEVICE_FAMILY = "1,2";
				TEST_TARGET_NAME = comicTestApp;
			};
			name = Release;
		};
/* End XCBuildConfiguration section */

/* Begin XCConfigurationList section */
		660021E820F05F280080C640 /* Build configuration list for PBXProject "comicTestApp" */ = {
			isa = XCConfigurationList;
			buildConfigurations = (
				6600221320F05F2C0080C640 /* Debug */,
				6600221420F05F2C0080C640 /* Release */,
			);
			defaultConfigurationIsVisible = 0;
			defaultConfigurationName = Release;
		};
		6600221520F05F2D0080C640 /* Build configuration list for PBXNativeTarget "comicTestApp" */ = {
			isa = XCConfigurationList;
			buildConfigurations = (
				6600221620F05F2D0080C640 /* Debug */,
				6600221720F05F2D0080C640 /* Release */,
			);
			defaultConfigurationIsVisible = 0;
			defaultConfigurationName = Release;
		};
		6600221820F05F2D0080C640 /* Build configuration list for PBXNativeTarget "comicTestAppTests" */ = {
			isa = XCConfigurationList;
			buildConfigurations = (
				6600221920F05F2D0080C640 /* Debug */,
				6600221A20F05F2D0080C640 /* Release */,
			);
			defaultConfigurationIsVisible = 0;
			defaultConfigurationName = Release;
		};
		6600221B20F05F2D0080C640 /* Build configuration list for PBXNativeTarget "comicTestAppUITests" */ = {
			isa = XCConfigurationList;
			buildConfigurations = (
				6600221C20F05F2D0080C640 /* Debug */,
				6600221D20F05F2D0080C640 /* Release */,
			);
			defaultConfigurationIsVisible = 0;
			defaultConfigurationName = Release;
		};
/* End XCConfigurationList section */
	};
	rootObject = 660021E520F05F280080C640 /* Project object */;
}
